{
  "object": {
    "pins": [
      {
        "package": "Alamofire",
        "repositoryURL": "https://github.com/Alamofire/Alamofire.git",
        "state": {
          "branch": null,
          "revision": "f82c23a8a7ef8dc1a49a8bfc6a96883e79121864",
          "version": "5.5.0"
        }
      },
      {
        "package": "BrightFutures",
        "repositoryURL": "https://github.com/Thomvis/BrightFutures.git",
        "state": {
          "branch": null,
          "revision": "939858b811026f85e87847a808f0bea2f187e5c4",
          "version": "8.1.0"
        }
      },
      {
        "package": "Erik",
        "repositoryURL": "https://github.com/phimage/Erik.git",
        "state": {
          "branch": null,
          "revision": "109a130e9cdb00789a43a7a625293eeb12d22989",
          "version": "5.1.0"
        }
      },
      {
        "package": "FileKit",
        "repositoryURL": "https://github.com/nvzqz/FileKit.git",
        "state": {
          "branch": null,
          "revision": "826d9161b184509f80d85c28cd612d630646de98",
          "version": "6.0.0"
        }
      },
      {
        "package": "Kanna",
        "repositoryURL": "https://github.com/tid-kijyun/Kanna.git",
        "state": {
          "branch": null,
          "revision": "f9e4922223dd0d3dfbf02ca70812cf5531fc0593",
          "version": "5.2.7"
        }
      },
      {
        "package": "KeychainAccess",
        "repositoryURL": "https://github.com/kishikawakatsumi/KeychainAccess.git",
        "state": {
          "branch": null,
          "revision": "84e546727d66f1adc5439debad16270d0fdd04e7",
          "version": "4.2.2"
        }
      },
      {
        "package": "OAuthSwift",
        "repositoryURL": "https://github.com/OAuthSwift/OAuthSwift.git",
        "state": {
          "branch": null,
          "revision": "8e62dc0243de97e37640e97fd0641fad4dbe6e1f",
          "version": null
        }
      },
      {
        "package": "swift-collections",
        "repositoryURL": "https://github.com/apple/swift-collections.git",
        "state": {
          "branch": null,
          "revision": "48254824bb4248676bf7ce56014ff57b142b77eb",
          "version": "1.0.2"
        }
      },
      {
        "package": "Swifter",
        "repositoryURL": "https://github.com/httpswift/swifter.git",
        "state": {
          "branch": null,
          "revision": "9483a5d459b45c3ffd059f7b55f9638e268632fd",
          "version": "1.5.0"
        }
      },
      {
        "package": "Willow",
        "repositoryURL": "https://github.com/Nike-Inc/Willow.git",
        "state": {
          "branch": null,
          "revision": "816ff0129ca61cae3d00ca82dadce7f759d29ce9",
          "version": "6.0.0"
        }
      }
    ]
  },
  "version": 1
}
