// !$*UTF8*$!
{
	archiveVersion = 1;
	classes = {
	};
	objectVersion = 50;
	objects = {

/* Begin PBXBuildFile section */
		22F266E9D2F324C661F50445 /* Subreddit.swift in Sources */ = {isa = PBXBuildFile; fileRef = 22F261F355F24ACB30175EEB /* Subreddit.swift */; };
		22F269D91C83A932704989D9 /* RedditClientBroker.swift in Sources */ = {isa = PBXBuildFile; fileRef = 22F268E8E6541AFCADFED16C /* RedditClientBroker.swift */; };
		6D0C89D021ACBA8500F40630 /* RedditAccount.swift in Sources */ = {isa = PBXBuildFile; fileRef = 6D0C89CF21ACBA8500F40630 /* RedditAccount.swift */; };
		6D21C22C21FE9FB900345B1A /* ApiDebugConsoleViewController.swift in Sources */ = {isa = PBXBuildFile; fileRef = 6D21C22A21FE9FB900345B1A /* ApiDebugConsoleViewController.swift */; };
		6D21C22D21FE9FB900345B1A /* ApiDebugConsoleViewController.xib in Resources */ = {isa = PBXBuildFile; fileRef = 6D21C22B21FE9FB900345B1A /* ApiDebugConsoleViewController.xib */; };
		6D229B8321DAE832005DC34C /* OAuthSwift.framework in Embed Frameworks */ = {isa = PBXBuildFile; fileRef = 6D229B8221DAE831005DC34C /* OAuthSwift.framework */; settings = {ATTRIBUTES = (CodeSignOnCopy, RemoveHeadersOnCopy, ); }; };
		6D229B8521DAE843005DC34C /* OAuthSwift.framework.dSYM in Copy Debug Symbols */ = {isa = PBXBuildFile; fileRef = 6D229B8421DAE842005DC34C /* OAuthSwift.framework.dSYM */; };
		6D2F3C4D221D048100C0C876 /* SubredditsViewController.swift in Sources */ = {isa = PBXBuildFile; fileRef = 6D2F3C4C221D048100C0C876 /* SubredditsViewController.swift */; };
		6D3BE78121DDB2F400091506 /* KeychainAccess.framework in Embed Frameworks */ = {isa = PBXBuildFile; fileRef = 6D3BE78021DDB2F400091506 /* KeychainAccess.framework */; settings = {ATTRIBUTES = (CodeSignOnCopy, RemoveHeadersOnCopy, ); }; };
		6D3BE78321DDB30A00091506 /* KeychainAccess.framework.dSYM in Copy Debug Symbols */ = {isa = PBXBuildFile; fileRef = 6D3BE78221DDB30900091506 /* KeychainAccess.framework.dSYM */; };
		6D3BE78621DDBF5400091506 /* OAuthSwiftAlamofire.framework in Embed Frameworks */ = {isa = PBXBuildFile; fileRef = 6D3BE78521DDBF5400091506 /* OAuthSwiftAlamofire.framework */; settings = {ATTRIBUTES = (CodeSignOnCopy, RemoveHeadersOnCopy, ); }; };
		6D3BE78821DDBF6600091506 /* OAuthSwiftAlamofire.framework.dSYM in Copy Debug Symbols */ = {isa = PBXBuildFile; fileRef = 6D3BE78721DDBF6600091506 /* OAuthSwiftAlamofire.framework.dSYM */; };
		6D433AAC21F2752100C668B1 /* RedditObject.swift in Sources */ = {isa = PBXBuildFile; fileRef = 6D433AAB21F2752100C668B1 /* RedditObject.swift */; };
		6D433AB021F27FD200C668B1 /* AccountFeatures.swift in Sources */ = {isa = PBXBuildFile; fileRef = 6D433AAF21F27FD200C668B1 /* AccountFeatures.swift */; };
		6D47D02F222C7A12008F2D21 /* SubredditsTableCellView.swift in Sources */ = {isa = PBXBuildFile; fileRef = 6D47D02E222C7A12008F2D21 /* SubredditsTableCellView.swift */; };
		6D47D033222C85BA008F2D21 /* RedditClientBroker+subreddits.swift in Sources */ = {isa = PBXBuildFile; fileRef = 6D47D032222C85BA008F2D21 /* RedditClientBroker+subreddits.swift */; };
		6D47D035222CC0A9008F2D21 /* Listing.swift in Sources */ = {isa = PBXBuildFile; fileRef = 6D47D034222CC0A9008F2D21 /* Listing.swift */; };
		6D4B6B2C21A130920064E471 /* AppDelegate.swift in Sources */ = {isa = PBXBuildFile; fileRef = 6D4B6B2B21A130920064E471 /* AppDelegate.swift */; };
		6D4B6B3121A130920064E471 /* Illithid.xcdatamodeld in Sources */ = {isa = PBXBuildFile; fileRef = 6D4B6B2F21A130920064E471 /* Illithid.xcdatamodeld */; };
		6D4B6B3321A130930064E471 /* Assets.xcassets in Resources */ = {isa = PBXBuildFile; fileRef = 6D4B6B3221A130930064E471 /* Assets.xcassets */; };
		6D4B6B3621A130930064E471 /* Main.storyboard in Resources */ = {isa = PBXBuildFile; fileRef = 6D4B6B3421A130930064E471 /* Main.storyboard */; };
		6D4B6B4221A130930064E471 /* IllithidTests.swift in Sources */ = {isa = PBXBuildFile; fileRef = 6D4B6B4121A130930064E471 /* IllithidTests.swift */; };
		6D4B6B4D21A130930064E471 /* IllithidUITests.swift in Sources */ = {isa = PBXBuildFile; fileRef = 6D4B6B4C21A130930064E471 /* IllithidUITests.swift */; };
		6D4D0B74223C3C5C00B76B22 /* AlamofireImage.framework.dSYM in Resources */ = {isa = PBXBuildFile; fileRef = 6D4D0B72223C3C5B00B76B22 /* AlamofireImage.framework.dSYM */; };
		6D4D0B75223C3C5C00B76B22 /* AlamofireImage.framework in Frameworks */ = {isa = PBXBuildFile; fileRef = 6D4D0B73223C3C5B00B76B22 /* AlamofireImage.framework */; };
		6D4D0B76223C3C9100B76B22 /* AlamofireImage.framework in Embed Frameworks */ = {isa = PBXBuildFile; fileRef = 6D4D0B73223C3C5B00B76B22 /* AlamofireImage.framework */; settings = {ATTRIBUTES = (CodeSignOnCopy, RemoveHeadersOnCopy, ); }; };
		6D4D0B77223C3C9700B76B22 /* AlamofireImage.framework.dSYM in Copy Debug Symbols */ = {isa = PBXBuildFile; fileRef = 6D4D0B72223C3C5B00B76B22 /* AlamofireImage.framework.dSYM */; };
		6D5F804122807B7F00AF6D7B /* TextPostTableCellView.swift in Sources */ = {isa = PBXBuildFile; fileRef = 6D5F804022807B7F00AF6D7B /* TextPostTableCellView.swift */; };
		6D67C7DE21A1353100A4AB93 /* Alamofire.framework in Frameworks */ = {isa = PBXBuildFile; fileRef = 6D67C7DA21A1353000A4AB93 /* Alamofire.framework */; };
		6D67C7DF21A1353100A4AB93 /* Alamofire.framework in Embed Frameworks */ = {isa = PBXBuildFile; fileRef = 6D67C7DA21A1353000A4AB93 /* Alamofire.framework */; settings = {ATTRIBUTES = (CodeSignOnCopy, RemoveHeadersOnCopy, ); }; };
		6D67C7E021A1353100A4AB93 /* CleanroomLogger.framework in Frameworks */ = {isa = PBXBuildFile; fileRef = 6D67C7DB21A1353000A4AB93 /* CleanroomLogger.framework */; };
		6D67C7E121A1353100A4AB93 /* CleanroomLogger.framework in Embed Frameworks */ = {isa = PBXBuildFile; fileRef = 6D67C7DB21A1353000A4AB93 /* CleanroomLogger.framework */; settings = {ATTRIBUTES = (CodeSignOnCopy, RemoveHeadersOnCopy, ); }; };
		6D67C7E421A1353100A4AB93 /* SwiftyJSON.framework in Frameworks */ = {isa = PBXBuildFile; fileRef = 6D67C7DD21A1353100A4AB93 /* SwiftyJSON.framework */; };
		6D67C7E521A1353100A4AB93 /* SwiftyJSON.framework in Embed Frameworks */ = {isa = PBXBuildFile; fileRef = 6D67C7DD21A1353100A4AB93 /* SwiftyJSON.framework */; settings = {ATTRIBUTES = (CodeSignOnCopy, RemoveHeadersOnCopy, ); }; };
		6D67C7EC21A1356C00A4AB93 /* Alamofire.framework.dSYM in Copy Debug Symbols */ = {isa = PBXBuildFile; fileRef = 6D67C7E821A1356C00A4AB93 /* Alamofire.framework.dSYM */; };
		6D67C7EE21A1356C00A4AB93 /* CleanroomLogger.framework.dSYM in Copy Debug Symbols */ = {isa = PBXBuildFile; fileRef = 6D67C7EA21A1356C00A4AB93 /* CleanroomLogger.framework.dSYM */; };
		6D67C7EF21A1356C00A4AB93 /* SwiftyJSON.framework.dSYM in Copy Debug Symbols */ = {isa = PBXBuildFile; fileRef = 6D67C7EB21A1356C00A4AB93 /* SwiftyJSON.framework.dSYM */; };
		6D7C859621A4BE8C009A9C00 /* AccountsPreferencesViewController.swift in Sources */ = {isa = PBXBuildFile; fileRef = 6D7C859521A4BE8C009A9C00 /* AccountsPreferencesViewController.swift */; };
		6D7D32622267C518001AAC76 /* StringInterpolation+Listable.swift in Sources */ = {isa = PBXBuildFile; fileRef = 6D7D32612267C518001AAC76 /* StringInterpolation+Listable.swift */; };
		6D82597B226DFD3C0022C559 /* .swiftlint.yml in Resources */ = {isa = PBXBuildFile; fileRef = 6D82597A226DFD3C0022C559 /* .swiftlint.yml */; };
		6D82597D226DFD580022C559 /* .swiftformat in Resources */ = {isa = PBXBuildFile; fileRef = 6D82597C226DFD580022C559 /* .swiftformat */; };
		6DABAE17227CC4FB00E00343 /* SubPostSplitViewController.swift in Sources */ = {isa = PBXBuildFile; fileRef = 6DABAE16227CC4FB00E00343 /* SubPostSplitViewController.swift */; };
		6DABAE19227D088E00E00343 /* VideoPostTableCellView.swift in Sources */ = {isa = PBXBuildFile; fileRef = 6DABAE18227D088E00E00343 /* VideoPostTableCellView.swift */; };
		6DABAE1C227E2B6700E00343 /* String+parsing.swift in Sources */ = {isa = PBXBuildFile; fileRef = 6DABAE1B227E2B6700E00343 /* String+parsing.swift */; };
		6DB742922277C95D00914C70 /* PostsViewController.swift in Sources */ = {isa = PBXBuildFile; fileRef = 6DB742912277C95D00914C70 /* PostsViewController.swift */; };
		6DB74294227901C800914C70 /* RedditClientBroker+posts.swift in Sources */ = {isa = PBXBuildFile; fileRef = 6DB74293227901C800914C70 /* RedditClientBroker+posts.swift */; };
		6DB74296227902F300914C70 /* Post.swift in Sources */ = {isa = PBXBuildFile; fileRef = 6DB74295227902F300914C70 /* Post.swift */; };
		6DBA74F32281299A00C0A94A /* PostMedia.swift in Sources */ = {isa = PBXBuildFile; fileRef = 6DBA74F22281299A00C0A94A /* PostMedia.swift */; };
		6DBA74F522812CC900C0A94A /* ImagePostTableCellView.swift in Sources */ = {isa = PBXBuildFile; fileRef = 6DBA74F422812CC900C0A94A /* ImagePostTableCellView.swift */; };
		6DC12ADE21A46413002AB578 /* PreferencesViewController.swift in Sources */ = {isa = PBXBuildFile; fileRef = 6DC12ADD21A46413002AB578 /* PreferencesViewController.swift */; };
		6DE1E9F522734C31002DCDCE /* NSImage+resize.swift in Sources */ = {isa = PBXBuildFile; fileRef = 6DE1E9F422734C31002DCDCE /* NSImage+resize.swift */; };
		6DE5F397227BEDDA00706B54 /* Award.swift in Sources */ = {isa = PBXBuildFile; fileRef = 6DE5F396227BEDDA00706B54 /* Award.swift */; };
/* End PBXBuildFile section */

/* Begin PBXContainerItemProxy section */
		6D4B6B3E21A130930064E471 /* PBXContainerItemProxy */ = {
			isa = PBXContainerItemProxy;
			containerPortal = 6D4B6B2021A130920064E471 /* Project object */;
			proxyType = 1;
			remoteGlobalIDString = 6D4B6B2721A130920064E471;
			remoteInfo = Illithid;
		};
		6D4B6B4921A130930064E471 /* PBXContainerItemProxy */ = {
			isa = PBXContainerItemProxy;
			containerPortal = 6D4B6B2021A130920064E471 /* Project object */;
			proxyType = 1;
			remoteGlobalIDString = 6D4B6B2721A130920064E471;
			remoteInfo = Illithid;
		};
/* End PBXContainerItemProxy section */

/* Begin PBXCopyFilesBuildPhase section */
		6D67C7E621A1353100A4AB93 /* Embed Frameworks */ = {
			isa = PBXCopyFilesBuildPhase;
			buildActionMask = 2147483647;
			dstPath = "";
			dstSubfolderSpec = 10;
			files = (
				6D4D0B76223C3C9100B76B22 /* AlamofireImage.framework in Embed Frameworks */,
				6D3BE78621DDBF5400091506 /* OAuthSwiftAlamofire.framework in Embed Frameworks */,
				6D3BE78121DDB2F400091506 /* KeychainAccess.framework in Embed Frameworks */,
				6D229B8321DAE832005DC34C /* OAuthSwift.framework in Embed Frameworks */,
				6D67C7E521A1353100A4AB93 /* SwiftyJSON.framework in Embed Frameworks */,
				6D67C7DF21A1353100A4AB93 /* Alamofire.framework in Embed Frameworks */,
				6D67C7E121A1353100A4AB93 /* CleanroomLogger.framework in Embed Frameworks */,
			);
			name = "Embed Frameworks";
			runOnlyForDeploymentPostprocessing = 0;
		};
		6D67C7E721A1355300A4AB93 /* Copy Debug Symbols */ = {
			isa = PBXCopyFilesBuildPhase;
			buildActionMask = 2147483647;
			dstPath = "";
			dstSubfolderSpec = 16;
			files = (
				6D4D0B77223C3C9700B76B22 /* AlamofireImage.framework.dSYM in Copy Debug Symbols */,
				6D3BE78821DDBF6600091506 /* OAuthSwiftAlamofire.framework.dSYM in Copy Debug Symbols */,
				6D3BE78321DDB30A00091506 /* KeychainAccess.framework.dSYM in Copy Debug Symbols */,
				6D229B8521DAE843005DC34C /* OAuthSwift.framework.dSYM in Copy Debug Symbols */,
				6D67C7EC21A1356C00A4AB93 /* Alamofire.framework.dSYM in Copy Debug Symbols */,
				6D67C7EE21A1356C00A4AB93 /* CleanroomLogger.framework.dSYM in Copy Debug Symbols */,
				6D67C7EF21A1356C00A4AB93 /* SwiftyJSON.framework.dSYM in Copy Debug Symbols */,
			);
			name = "Copy Debug Symbols";
			runOnlyForDeploymentPostprocessing = 0;
		};
/* End PBXCopyFilesBuildPhase section */

/* Begin PBXFileReference section */
		22F261F355F24ACB30175EEB /* Subreddit.swift */ = {isa = PBXFileReference; fileEncoding = 4; lastKnownFileType = sourcecode.swift; path = Subreddit.swift; sourceTree = "<group>"; };
		22F268E8E6541AFCADFED16C /* RedditClientBroker.swift */ = {isa = PBXFileReference; fileEncoding = 4; lastKnownFileType = sourcecode.swift; path = RedditClientBroker.swift; sourceTree = "<group>"; };
		6D0C89CF21ACBA8500F40630 /* RedditAccount.swift */ = {isa = PBXFileReference; lastKnownFileType = sourcecode.swift; path = RedditAccount.swift; sourceTree = "<group>"; };
		6D21C22A21FE9FB900345B1A /* ApiDebugConsoleViewController.swift */ = {isa = PBXFileReference; lastKnownFileType = sourcecode.swift; path = ApiDebugConsoleViewController.swift; sourceTree = "<group>"; };
		6D21C22B21FE9FB900345B1A /* ApiDebugConsoleViewController.xib */ = {isa = PBXFileReference; lastKnownFileType = file.xib; path = ApiDebugConsoleViewController.xib; sourceTree = "<group>"; };
		6D229B8221DAE831005DC34C /* OAuthSwift.framework */ = {isa = PBXFileReference; lastKnownFileType = wrapper.framework; name = OAuthSwift.framework; path = Carthage/Build/Mac/OAuthSwift.framework; sourceTree = "<group>"; };
		6D229B8421DAE842005DC34C /* OAuthSwift.framework.dSYM */ = {isa = PBXFileReference; lastKnownFileType = wrapper.dsym; name = OAuthSwift.framework.dSYM; path = Carthage/Build/Mac/OAuthSwift.framework.dSYM; sourceTree = "<group>"; };
		6D2F3C4C221D048100C0C876 /* SubredditsViewController.swift */ = {isa = PBXFileReference; lastKnownFileType = sourcecode.swift; path = SubredditsViewController.swift; sourceTree = "<group>"; };
		6D3BE78021DDB2F400091506 /* KeychainAccess.framework */ = {isa = PBXFileReference; lastKnownFileType = wrapper.framework; name = KeychainAccess.framework; path = Carthage/Build/Mac/KeychainAccess.framework; sourceTree = "<group>"; };
		6D3BE78221DDB30900091506 /* KeychainAccess.framework.dSYM */ = {isa = PBXFileReference; lastKnownFileType = wrapper.dsym; name = KeychainAccess.framework.dSYM; path = Carthage/Build/Mac/KeychainAccess.framework.dSYM; sourceTree = "<group>"; };
		6D3BE78521DDBF5400091506 /* OAuthSwiftAlamofire.framework */ = {isa = PBXFileReference; lastKnownFileType = wrapper.framework; name = OAuthSwiftAlamofire.framework; path = Carthage/Build/Mac/OAuthSwiftAlamofire.framework; sourceTree = "<group>"; };
		6D3BE78721DDBF6600091506 /* OAuthSwiftAlamofire.framework.dSYM */ = {isa = PBXFileReference; lastKnownFileType = wrapper.dsym; name = OAuthSwiftAlamofire.framework.dSYM; path = Carthage/Build/Mac/OAuthSwiftAlamofire.framework.dSYM; sourceTree = "<group>"; };
		6D433AAB21F2752100C668B1 /* RedditObject.swift */ = {isa = PBXFileReference; lastKnownFileType = sourcecode.swift; path = RedditObject.swift; sourceTree = "<group>"; };
		6D433AAF21F27FD200C668B1 /* AccountFeatures.swift */ = {isa = PBXFileReference; lastKnownFileType = sourcecode.swift; path = AccountFeatures.swift; sourceTree = "<group>"; };
		6D47D02E222C7A12008F2D21 /* SubredditsTableCellView.swift */ = {isa = PBXFileReference; lastKnownFileType = sourcecode.swift; name = SubredditsTableCellView.swift; path = /Users/tgregory/Code/XcodeProjects/Illithid/Illithid/UI/Subreddits/SubredditsTableCellView.swift; sourceTree = "<absolute>"; };
		6D47D032222C85BA008F2D21 /* RedditClientBroker+subreddits.swift */ = {isa = PBXFileReference; lastKnownFileType = sourcecode.swift; path = "RedditClientBroker+subreddits.swift"; sourceTree = "<group>"; };
		6D47D034222CC0A9008F2D21 /* Listing.swift */ = {isa = PBXFileReference; lastKnownFileType = sourcecode.swift; path = Listing.swift; sourceTree = "<group>"; };
		6D4B6B2821A130920064E471 /* Illithid.app */ = {isa = PBXFileReference; explicitFileType = wrapper.application; includeInIndex = 0; path = Illithid.app; sourceTree = BUILT_PRODUCTS_DIR; };
		6D4B6B2B21A130920064E471 /* AppDelegate.swift */ = {isa = PBXFileReference; lastKnownFileType = sourcecode.swift; path = AppDelegate.swift; sourceTree = "<group>"; };
		6D4B6B3021A130920064E471 /* Illithid.xcdatamodel */ = {isa = PBXFileReference; lastKnownFileType = wrapper.xcdatamodel; path = Illithid.xcdatamodel; sourceTree = "<group>"; };
		6D4B6B3221A130930064E471 /* Assets.xcassets */ = {isa = PBXFileReference; lastKnownFileType = folder.assetcatalog; path = Assets.xcassets; sourceTree = "<group>"; };
		6D4B6B3521A130930064E471 /* Base */ = {isa = PBXFileReference; lastKnownFileType = file.storyboard; name = Base; path = Base.lproj/Main.storyboard; sourceTree = "<group>"; };
		6D4B6B3721A130930064E471 /* Info.plist */ = {isa = PBXFileReference; lastKnownFileType = text.plist.xml; path = Info.plist; sourceTree = "<group>"; };
		6D4B6B3821A130930064E471 /* Illithid.entitlements */ = {isa = PBXFileReference; lastKnownFileType = text.plist.entitlements; path = Illithid.entitlements; sourceTree = "<group>"; };
		6D4B6B3D21A130930064E471 /* IllithidTests.xctest */ = {isa = PBXFileReference; explicitFileType = wrapper.cfbundle; includeInIndex = 0; path = IllithidTests.xctest; sourceTree = BUILT_PRODUCTS_DIR; };
		6D4B6B4121A130930064E471 /* IllithidTests.swift */ = {isa = PBXFileReference; lastKnownFileType = sourcecode.swift; path = IllithidTests.swift; sourceTree = "<group>"; };
		6D4B6B4321A130930064E471 /* Info.plist */ = {isa = PBXFileReference; lastKnownFileType = text.plist.xml; path = Info.plist; sourceTree = "<group>"; };
		6D4B6B4821A130930064E471 /* IllithidUITests.xctest */ = {isa = PBXFileReference; explicitFileType = wrapper.cfbundle; includeInIndex = 0; path = IllithidUITests.xctest; sourceTree = BUILT_PRODUCTS_DIR; };
		6D4B6B4C21A130930064E471 /* IllithidUITests.swift */ = {isa = PBXFileReference; lastKnownFileType = sourcecode.swift; path = IllithidUITests.swift; sourceTree = "<group>"; };
		6D4B6B4E21A130930064E471 /* Info.plist */ = {isa = PBXFileReference; lastKnownFileType = text.plist.xml; path = Info.plist; sourceTree = "<group>"; };
		6D4D0B72223C3C5B00B76B22 /* AlamofireImage.framework.dSYM */ = {isa = PBXFileReference; lastKnownFileType = wrapper.dsym; name = AlamofireImage.framework.dSYM; path = Carthage/Build/Mac/AlamofireImage.framework.dSYM; sourceTree = "<group>"; };
		6D4D0B73223C3C5B00B76B22 /* AlamofireImage.framework */ = {isa = PBXFileReference; lastKnownFileType = wrapper.framework; name = AlamofireImage.framework; path = Carthage/Build/Mac/AlamofireImage.framework; sourceTree = "<group>"; };
		6D5F804022807B7F00AF6D7B /* TextPostTableCellView.swift */ = {isa = PBXFileReference; lastKnownFileType = sourcecode.swift; path = TextPostTableCellView.swift; sourceTree = "<group>"; };
		6D67C7DA21A1353000A4AB93 /* Alamofire.framework */ = {isa = PBXFileReference; lastKnownFileType = wrapper.framework; name = Alamofire.framework; path = Carthage/Build/Mac/Alamofire.framework; sourceTree = "<group>"; };
		6D67C7DB21A1353000A4AB93 /* CleanroomLogger.framework */ = {isa = PBXFileReference; lastKnownFileType = wrapper.framework; name = CleanroomLogger.framework; path = Carthage/Build/Mac/CleanroomLogger.framework; sourceTree = "<group>"; };
		6D67C7DD21A1353100A4AB93 /* SwiftyJSON.framework */ = {isa = PBXFileReference; lastKnownFileType = wrapper.framework; name = SwiftyJSON.framework; path = Carthage/Build/Mac/SwiftyJSON.framework; sourceTree = "<group>"; };
		6D67C7E821A1356C00A4AB93 /* Alamofire.framework.dSYM */ = {isa = PBXFileReference; lastKnownFileType = wrapper.dsym; name = Alamofire.framework.dSYM; path = Carthage/Build/Mac/Alamofire.framework.dSYM; sourceTree = "<group>"; };
		6D67C7EA21A1356C00A4AB93 /* CleanroomLogger.framework.dSYM */ = {isa = PBXFileReference; lastKnownFileType = wrapper.dsym; name = CleanroomLogger.framework.dSYM; path = Carthage/Build/Mac/CleanroomLogger.framework.dSYM; sourceTree = "<group>"; };
		6D67C7EB21A1356C00A4AB93 /* SwiftyJSON.framework.dSYM */ = {isa = PBXFileReference; lastKnownFileType = wrapper.dsym; name = SwiftyJSON.framework.dSYM; path = Carthage/Build/Mac/SwiftyJSON.framework.dSYM; sourceTree = "<group>"; };
		6D7C859521A4BE8C009A9C00 /* AccountsPreferencesViewController.swift */ = {isa = PBXFileReference; lastKnownFileType = sourcecode.swift; path = AccountsPreferencesViewController.swift; sourceTree = "<group>"; };
		6D7D32612267C518001AAC76 /* StringInterpolation+Listable.swift */ = {isa = PBXFileReference; lastKnownFileType = sourcecode.swift; path = "StringInterpolation+Listable.swift"; sourceTree = "<group>"; };
		6D82597A226DFD3C0022C559 /* .swiftlint.yml */ = {isa = PBXFileReference; fileEncoding = 4; lastKnownFileType = text; path = .swiftlint.yml; sourceTree = SOURCE_ROOT; };
		6D82597C226DFD580022C559 /* .swiftformat */ = {isa = PBXFileReference; fileEncoding = 4; lastKnownFileType = text; path = .swiftformat; sourceTree = "<group>"; };
		6DABAE16227CC4FB00E00343 /* SubPostSplitViewController.swift */ = {isa = PBXFileReference; lastKnownFileType = sourcecode.swift; path = SubPostSplitViewController.swift; sourceTree = "<group>"; };
		6DABAE18227D088E00E00343 /* VideoPostTableCellView.swift */ = {isa = PBXFileReference; lastKnownFileType = sourcecode.swift; path = VideoPostTableCellView.swift; sourceTree = "<group>"; };
		6DABAE1B227E2B6700E00343 /* String+parsing.swift */ = {isa = PBXFileReference; lastKnownFileType = sourcecode.swift; path = "String+parsing.swift"; sourceTree = "<group>"; };
		6DB742912277C95D00914C70 /* PostsViewController.swift */ = {isa = PBXFileReference; lastKnownFileType = sourcecode.swift; path = PostsViewController.swift; sourceTree = "<group>"; };
		6DB74293227901C800914C70 /* RedditClientBroker+posts.swift */ = {isa = PBXFileReference; lastKnownFileType = sourcecode.swift; path = "RedditClientBroker+posts.swift"; sourceTree = "<group>"; };
		6DB74295227902F300914C70 /* Post.swift */ = {isa = PBXFileReference; lastKnownFileType = sourcecode.swift; path = Post.swift; sourceTree = "<group>"; };
		6DBA74F22281299A00C0A94A /* PostMedia.swift */ = {isa = PBXFileReference; fileEncoding = 4; lastKnownFileType = sourcecode.swift; path = PostMedia.swift; sourceTree = "<group>"; };
		6DBA74F422812CC900C0A94A /* ImagePostTableCellView.swift */ = {isa = PBXFileReference; lastKnownFileType = sourcecode.swift; path = ImagePostTableCellView.swift; sourceTree = "<group>"; };
		6DC12ADD21A46413002AB578 /* PreferencesViewController.swift */ = {isa = PBXFileReference; lastKnownFileType = sourcecode.swift; path = PreferencesViewController.swift; sourceTree = "<group>"; };
		6DE1E9F422734C31002DCDCE /* NSImage+resize.swift */ = {isa = PBXFileReference; lastKnownFileType = sourcecode.swift; path = "NSImage+resize.swift"; sourceTree = "<group>"; };
		6DE5F396227BEDDA00706B54 /* Award.swift */ = {isa = PBXFileReference; lastKnownFileType = sourcecode.swift; path = Award.swift; sourceTree = "<group>"; };
/* End PBXFileReference section */

/* Begin PBXFrameworksBuildPhase section */
		6D4B6B2521A130920064E471 /* Frameworks */ = {
			isa = PBXFrameworksBuildPhase;
			buildActionMask = 2147483647;
			files = (
				6D67C7E421A1353100A4AB93 /* SwiftyJSON.framework in Frameworks */,
				6D67C7DE21A1353100A4AB93 /* Alamofire.framework in Frameworks */,
				6D67C7E021A1353100A4AB93 /* CleanroomLogger.framework in Frameworks */,
				6D4D0B75223C3C5C00B76B22 /* AlamofireImage.framework in Frameworks */,
			);
			runOnlyForDeploymentPostprocessing = 0;
		};
		6D4B6B3A21A130930064E471 /* Frameworks */ = {
			isa = PBXFrameworksBuildPhase;
			buildActionMask = 2147483647;
			files = (
			);
			runOnlyForDeploymentPostprocessing = 0;
		};
		6D4B6B4521A130930064E471 /* Frameworks */ = {
			isa = PBXFrameworksBuildPhase;
			buildActionMask = 2147483647;
			files = (
			);
			runOnlyForDeploymentPostprocessing = 0;
		};
/* End PBXFrameworksBuildPhase section */

/* Begin PBXGroup section */
		22F2672CE3BAF1E5656D6F8A /* RedditObjects */ = {
			isa = PBXGroup;
			children = (
				6DE5F393227BEA5D00706B54 /* Post */,
				6D433AAD21F27F7900C668B1 /* Account */,
				22F261F355F24ACB30175EEB /* Subreddit.swift */,
				6D433AAB21F2752100C668B1 /* RedditObject.swift */,
				6D47D034222CC0A9008F2D21 /* Listing.swift */,
			);
			path = RedditObjects;
			sourceTree = "<group>";
		};
		22F269252156C47FD18D82B2 /* RedditClient */ = {
			isa = PBXGroup;
			children = (
				6D47D02C222C77FA008F2D21 /* Extensions */,
				6D47D02B222C6E92008F2D21 /* Models */,
				6D3E767421E0237000171495 /* Protocols */,
			);
			path = RedditClient;
			sourceTree = "<group>";
		};
		6D21C22721FE9EB100345B1A /* UI */ = {
			isa = PBXGroup;
			children = (
				6DABAE15227CC3D800E00343 /* ViewModes */,
				6DB742902277C92D00914C70 /* Posts */,
				6DC12ADD21A46413002AB578 /* PreferencesViewController.swift */,
				6D7C859521A4BE8C009A9C00 /* AccountsPreferencesViewController.swift */,
				6D2F3C4B221D013500C0C876 /* Subreddits */,
				6D21C22A21FE9FB900345B1A /* ApiDebugConsoleViewController.swift */,
				6D21C22B21FE9FB900345B1A /* ApiDebugConsoleViewController.xib */,
			);
			path = UI;
			sourceTree = "<group>";
		};
		6D2F3C4B221D013500C0C876 /* Subreddits */ = {
			isa = PBXGroup;
			children = (
				6D47D02E222C7A12008F2D21 /* SubredditsTableCellView.swift */,
				6D2F3C4C221D048100C0C876 /* SubredditsViewController.swift */,
			);
			path = Subreddits;
			sourceTree = "<group>";
		};
		6D3E767421E0237000171495 /* Protocols */ = {
			isa = PBXGroup;
			children = (
			);
			path = Protocols;
			sourceTree = "<group>";
		};
		6D433AAD21F27F7900C668B1 /* Account */ = {
			isa = PBXGroup;
			children = (
				6D0C89CF21ACBA8500F40630 /* RedditAccount.swift */,
				6D433AAF21F27FD200C668B1 /* AccountFeatures.swift */,
			);
			path = Account;
			sourceTree = "<group>";
		};
		6D47D02B222C6E92008F2D21 /* Models */ = {
			isa = PBXGroup;
			children = (
				22F2672CE3BAF1E5656D6F8A /* RedditObjects */,
			);
			path = Models;
			sourceTree = "<group>";
		};
		6D47D02C222C77FA008F2D21 /* Extensions */ = {
			isa = PBXGroup;
			children = (
				6D7D32612267C518001AAC76 /* StringInterpolation+Listable.swift */,
				6DABAE1A227E2AEA00E00343 /* String */,
				6DE1E9F32272572A002DCDCE /* NSImage */,
				6D47D02D222C7802008F2D21 /* RedditRequests */,
			);
			path = Extensions;
			sourceTree = "<group>";
		};
		6D47D02D222C7802008F2D21 /* RedditRequests */ = {
			isa = PBXGroup;
			children = (
				6D47D032222C85BA008F2D21 /* RedditClientBroker+subreddits.swift */,
				6DB74293227901C800914C70 /* RedditClientBroker+posts.swift */,
			);
			path = RedditRequests;
			sourceTree = "<group>";
		};
		6D4B6B1F21A130920064E471 = {
			isa = PBXGroup;
			children = (
				6D67C7DA21A1353000A4AB93 /* Alamofire.framework */,
				6D4D0B73223C3C5B00B76B22 /* AlamofireImage.framework */,
				6D3BE78521DDBF5400091506 /* OAuthSwiftAlamofire.framework */,
				6D3BE78021DDB2F400091506 /* KeychainAccess.framework */,
				6D229B8221DAE831005DC34C /* OAuthSwift.framework */,
				6D67C7DB21A1353000A4AB93 /* CleanroomLogger.framework */,
				6D67C7DD21A1353100A4AB93 /* SwiftyJSON.framework */,
				6D3BE78221DDB30900091506 /* KeychainAccess.framework.dSYM */,
				6D4D0B72223C3C5B00B76B22 /* AlamofireImage.framework.dSYM */,
				6D229B8421DAE842005DC34C /* OAuthSwift.framework.dSYM */,
				6D3BE78721DDBF6600091506 /* OAuthSwiftAlamofire.framework.dSYM */,
				6D67C7E821A1356C00A4AB93 /* Alamofire.framework.dSYM */,
				6D67C7EA21A1356C00A4AB93 /* CleanroomLogger.framework.dSYM */,
				6D67C7EB21A1356C00A4AB93 /* SwiftyJSON.framework.dSYM */,
				6D4B6B2A21A130920064E471 /* Illithid */,
				6D4B6B4021A130930064E471 /* IllithidTests */,
				6D4B6B4B21A130930064E471 /* IllithidUITests */,
				6D4B6B2921A130920064E471 /* Products */,
			);
			sourceTree = "<group>";
		};
		6D4B6B2921A130920064E471 /* Products */ = {
			isa = PBXGroup;
			children = (
				6D4B6B2821A130920064E471 /* Illithid.app */,
				6D4B6B3D21A130930064E471 /* IllithidTests.xctest */,
				6D4B6B4821A130930064E471 /* IllithidUITests.xctest */,
			);
			name = Products;
			sourceTree = "<group>";
		};
		6D4B6B2A21A130920064E471 /* Illithid */ = {
			isa = PBXGroup;
			children = (
				6D21C22721FE9EB100345B1A /* UI */,
				6D4B6B2B21A130920064E471 /* AppDelegate.swift */,
				6D4B6B3221A130930064E471 /* Assets.xcassets */,
				6D4B6B3421A130930064E471 /* Main.storyboard */,
				6D82597A226DFD3C0022C559 /* .swiftlint.yml */,
				6D82597C226DFD580022C559 /* .swiftformat */,
				6D4B6B3721A130930064E471 /* Info.plist */,
				6D4B6B3821A130930064E471 /* Illithid.entitlements */,
				6D4B6B2F21A130920064E471 /* Illithid.xcdatamodeld */,
				22F268E8E6541AFCADFED16C /* RedditClientBroker.swift */,
				22F269252156C47FD18D82B2 /* RedditClient */,
			);
			path = Illithid;
			sourceTree = "<group>";
		};
		6D4B6B4021A130930064E471 /* IllithidTests */ = {
			isa = PBXGroup;
			children = (
				6D4B6B4121A130930064E471 /* IllithidTests.swift */,
				6D4B6B4321A130930064E471 /* Info.plist */,
			);
			path = IllithidTests;
			sourceTree = "<group>";
		};
		6D4B6B4B21A130930064E471 /* IllithidUITests */ = {
			isa = PBXGroup;
			children = (
				6D4B6B4C21A130930064E471 /* IllithidUITests.swift */,
				6D4B6B4E21A130930064E471 /* Info.plist */,
			);
			path = IllithidUITests;
			sourceTree = "<group>";
		};
		6DABAE15227CC3D800E00343 /* ViewModes */ = {
			isa = PBXGroup;
			children = (
				6DABAE16227CC4FB00E00343 /* SubPostSplitViewController.swift */,
			);
			path = ViewModes;
			sourceTree = "<group>";
		};
		6DABAE1A227E2AEA00E00343 /* String */ = {
			isa = PBXGroup;
			children = (
				6DABAE1B227E2B6700E00343 /* String+parsing.swift */,
			);
			path = String;
			sourceTree = "<group>";
		};
		6DB742902277C92D00914C70 /* Posts */ = {
			isa = PBXGroup;
			children = (
				6DB742912277C95D00914C70 /* PostsViewController.swift */,
				6DABAE18227D088E00E00343 /* VideoPostTableCellView.swift */,
				6D5F804022807B7F00AF6D7B /* TextPostTableCellView.swift */,
				6DBA74F422812CC900C0A94A /* ImagePostTableCellView.swift */,
			);
			path = Posts;
			sourceTree = "<group>";
		};
		6DE1E9F32272572A002DCDCE /* NSImage */ = {
			isa = PBXGroup;
			children = (
				6DE1E9F422734C31002DCDCE /* NSImage+resize.swift */,
			);
			path = NSImage;
			sourceTree = "<group>";
		};
		6DE5F393227BEA5D00706B54 /* Post */ = {
			isa = PBXGroup;
			children = (
				6DBA74F22281299A00C0A94A /* PostMedia.swift */,
				6DB74295227902F300914C70 /* Post.swift */,
				6DE5F396227BEDDA00706B54 /* Award.swift */,
			);
			path = Post;
			sourceTree = "<group>";
		};
/* End PBXGroup section */

/* Begin PBXNativeTarget section */
		6D4B6B2721A130920064E471 /* Illithid */ = {
			isa = PBXNativeTarget;
			buildConfigurationList = 6D4B6B5121A130930064E471 /* Build configuration list for PBXNativeTarget "Illithid" */;
			buildPhases = (
				6D4B6B2421A130920064E471 /* Sources */,
				6D4B6B2521A130920064E471 /* Frameworks */,
				6D4B6B2621A130920064E471 /* Resources */,
				6D67C7E621A1353100A4AB93 /* Embed Frameworks */,
				6D67C7E721A1355300A4AB93 /* Copy Debug Symbols */,
				6D545C372228E22D00CBFE80 /* SwiftLint */,
			);
			buildRules = (
			);
			dependencies = (
			);
			name = Illithid;
			productName = Illithid;
			productReference = 6D4B6B2821A130920064E471 /* Illithid.app */;
			productType = "com.apple.product-type.application";
		};
		6D4B6B3C21A130930064E471 /* IllithidTests */ = {
			isa = PBXNativeTarget;
			buildConfigurationList = 6D4B6B5421A130930064E471 /* Build configuration list for PBXNativeTarget "IllithidTests" */;
			buildPhases = (
				6D4B6B3921A130930064E471 /* Sources */,
				6D4B6B3A21A130930064E471 /* Frameworks */,
				6D4B6B3B21A130930064E471 /* Resources */,
			);
			buildRules = (
			);
			dependencies = (
				6D4B6B3F21A130930064E471 /* PBXTargetDependency */,
			);
			name = IllithidTests;
			productName = IllithidTests;
			productReference = 6D4B6B3D21A130930064E471 /* IllithidTests.xctest */;
			productType = "com.apple.product-type.bundle.unit-test";
		};
		6D4B6B4721A130930064E471 /* IllithidUITests */ = {
			isa = PBXNativeTarget;
			buildConfigurationList = 6D4B6B5721A130930064E471 /* Build configuration list for PBXNativeTarget "IllithidUITests" */;
			buildPhases = (
				6D4B6B4421A130930064E471 /* Sources */,
				6D4B6B4521A130930064E471 /* Frameworks */,
				6D4B6B4621A130930064E471 /* Resources */,
			);
			buildRules = (
			);
			dependencies = (
				6D4B6B4A21A130930064E471 /* PBXTargetDependency */,
			);
			name = IllithidUITests;
			productName = IllithidUITests;
			productReference = 6D4B6B4821A130930064E471 /* IllithidUITests.xctest */;
			productType = "com.apple.product-type.bundle.ui-testing";
		};
/* End PBXNativeTarget section */

/* Begin PBXProject section */
		6D4B6B2021A130920064E471 /* Project object */ = {
			isa = PBXProject;
			attributes = {
				LastSwiftUpdateCheck = 1010;
				LastUpgradeCheck = 1010;
				ORGANIZATIONNAME = flayware;
				TargetAttributes = {
					6D4B6B2721A130920064E471 = {
						CreatedOnToolsVersion = 10.1;
						LastSwiftMigration = 1020;
						SystemCapabilities = {
							com.apple.ApplicationGroups.Mac = {
								enabled = 1;
							};
							com.apple.HardenedRuntime = {
								enabled = 1;
							};
							com.apple.Keychain = {
								enabled = 1;
							};
							com.apple.Sandbox = {
								enabled = 1;
							};
						};
					};
					6D4B6B3C21A130930064E471 = {
						CreatedOnToolsVersion = 10.1;
						LastSwiftMigration = 1020;
						TestTargetID = 6D4B6B2721A130920064E471;
					};
					6D4B6B4721A130930064E471 = {
						CreatedOnToolsVersion = 10.1;
						LastSwiftMigration = 1020;
						TestTargetID = 6D4B6B2721A130920064E471;
					};
				};
			};
			buildConfigurationList = 6D4B6B2321A130920064E471 /* Build configuration list for PBXProject "Illithid" */;
			compatibilityVersion = "Xcode 9.3";
			developmentRegion = en;
			hasScannedForEncodings = 0;
			knownRegions = (
				en,
				Base,
			);
			mainGroup = 6D4B6B1F21A130920064E471;
			productRefGroup = 6D4B6B2921A130920064E471 /* Products */;
			projectDirPath = "";
			projectRoot = "";
			targets = (
				6D4B6B2721A130920064E471 /* Illithid */,
				6D4B6B3C21A130930064E471 /* IllithidTests */,
				6D4B6B4721A130930064E471 /* IllithidUITests */,
			);
		};
/* End PBXProject section */

/* Begin PBXResourcesBuildPhase section */
		6D4B6B2621A130920064E471 /* Resources */ = {
			isa = PBXResourcesBuildPhase;
			buildActionMask = 2147483647;
			files = (
				6D82597B226DFD3C0022C559 /* .swiftlint.yml in Resources */,
				6D4B6B3321A130930064E471 /* Assets.xcassets in Resources */,
				6D82597D226DFD580022C559 /* .swiftformat in Resources */,
				6D4B6B3621A130930064E471 /* Main.storyboard in Resources */,
				6D21C22D21FE9FB900345B1A /* ApiDebugConsoleViewController.xib in Resources */,
				6D4D0B74223C3C5C00B76B22 /* AlamofireImage.framework.dSYM in Resources */,
			);
			runOnlyForDeploymentPostprocessing = 0;
		};
		6D4B6B3B21A130930064E471 /* Resources */ = {
			isa = PBXResourcesBuildPhase;
			buildActionMask = 2147483647;
			files = (
			);
			runOnlyForDeploymentPostprocessing = 0;
		};
		6D4B6B4621A130930064E471 /* Resources */ = {
			isa = PBXResourcesBuildPhase;
			buildActionMask = 2147483647;
			files = (
			);
			runOnlyForDeploymentPostprocessing = 0;
		};
/* End PBXResourcesBuildPhase section */

/* Begin PBXShellScriptBuildPhase section */
		6D545C372228E22D00CBFE80 /* SwiftLint */ = {
			isa = PBXShellScriptBuildPhase;
			buildActionMask = 2147483647;
			files = (
			);
			inputFileListPaths = (
			);
			inputPaths = (
			);
			name = SwiftLint;
			outputFileListPaths = (
			);
			outputPaths = (
			);
			runOnlyForDeploymentPostprocessing = 0;
			shellPath = /bin/sh;
			shellScript = "if which swiftlint >/dev/null; then\nswiftlint\nelse\necho \"warning: SwiftLint not installed, download from https://github.com/realm/SwiftLint\"\nfi\n";
		};
/* End PBXShellScriptBuildPhase section */

/* Begin PBXSourcesBuildPhase section */
		6D4B6B2421A130920064E471 /* Sources */ = {
			isa = PBXSourcesBuildPhase;
			buildActionMask = 2147483647;
			files = (
				6DE1E9F522734C31002DCDCE /* NSImage+resize.swift in Sources */,
				6DE5F397227BEDDA00706B54 /* Award.swift in Sources */,
				6D47D033222C85BA008F2D21 /* RedditClientBroker+subreddits.swift in Sources */,
				6DB742922277C95D00914C70 /* PostsViewController.swift in Sources */,
				6D433AAC21F2752100C668B1 /* RedditObject.swift in Sources */,
				6DBA74F32281299A00C0A94A /* PostMedia.swift in Sources */,
				6D7D32622267C518001AAC76 /* StringInterpolation+Listable.swift in Sources */,
				6D47D02F222C7A12008F2D21 /* SubredditsTableCellView.swift in Sources */,
				6D4B6B2C21A130920064E471 /* AppDelegate.swift in Sources */,
				6DB74294227901C800914C70 /* RedditClientBroker+posts.swift in Sources */,
				6D0C89D021ACBA8500F40630 /* RedditAccount.swift in Sources */,
				6D5F804122807B7F00AF6D7B /* TextPostTableCellView.swift in Sources */,
				6D433AB021F27FD200C668B1 /* AccountFeatures.swift in Sources */,
				6DBA74F522812CC900C0A94A /* ImagePostTableCellView.swift in Sources */,
				6D4B6B3121A130920064E471 /* Illithid.xcdatamodeld in Sources */,
				6D7C859621A4BE8C009A9C00 /* AccountsPreferencesViewController.swift in Sources */,
				6DABAE1C227E2B6700E00343 /* String+parsing.swift in Sources */,
				6D47D035222CC0A9008F2D21 /* Listing.swift in Sources */,
				6D2F3C4D221D048100C0C876 /* SubredditsViewController.swift in Sources */,
				6DABAE19227D088E00E00343 /* VideoPostTableCellView.swift in Sources */,
				6DABAE17227CC4FB00E00343 /* SubPostSplitViewController.swift in Sources */,
				22F269D91C83A932704989D9 /* RedditClientBroker.swift in Sources */,
				6D21C22C21FE9FB900345B1A /* ApiDebugConsoleViewController.swift in Sources */,
				6DB74296227902F300914C70 /* Post.swift in Sources */,
				6DC12ADE21A46413002AB578 /* PreferencesViewController.swift in Sources */,
				22F266E9D2F324C661F50445 /* Subreddit.swift in Sources */,
			);
			runOnlyForDeploymentPostprocessing = 0;
		};
		6D4B6B3921A130930064E471 /* Sources */ = {
			isa = PBXSourcesBuildPhase;
			buildActionMask = 2147483647;
			files = (
				6D4B6B4221A130930064E471 /* IllithidTests.swift in Sources */,
			);
			runOnlyForDeploymentPostprocessing = 0;
		};
		6D4B6B4421A130930064E471 /* Sources */ = {
			isa = PBXSourcesBuildPhase;
			buildActionMask = 2147483647;
			files = (
				6D4B6B4D21A130930064E471 /* IllithidUITests.swift in Sources */,
			);
			runOnlyForDeploymentPostprocessing = 0;
		};
/* End PBXSourcesBuildPhase section */

/* Begin PBXTargetDependency section */
		6D4B6B3F21A130930064E471 /* PBXTargetDependency */ = {
			isa = PBXTargetDependency;
			target = 6D4B6B2721A130920064E471 /* Illithid */;
			targetProxy = 6D4B6B3E21A130930064E471 /* PBXContainerItemProxy */;
		};
		6D4B6B4A21A130930064E471 /* PBXTargetDependency */ = {
			isa = PBXTargetDependency;
			target = 6D4B6B2721A130920064E471 /* Illithid */;
			targetProxy = 6D4B6B4921A130930064E471 /* PBXContainerItemProxy */;
		};
/* End PBXTargetDependency section */

/* Begin PBXVariantGroup section */
		6D4B6B3421A130930064E471 /* Main.storyboard */ = {
			isa = PBXVariantGroup;
			children = (
				6D4B6B3521A130930064E471 /* Base */,
			);
			name = Main.storyboard;
			sourceTree = "<group>";
		};
/* End PBXVariantGroup section */

/* Begin XCBuildConfiguration section */
		6D4B6B4F21A130930064E471 /* Debug */ = {
			isa = XCBuildConfiguration;
			buildSettings = {
				ALWAYS_SEARCH_USER_PATHS = NO;
				CLANG_ANALYZER_NONNULL = YES;
				CLANG_ANALYZER_NUMBER_OBJECT_CONVERSION = YES_AGGRESSIVE;
				CLANG_CXX_LANGUAGE_STANDARD = "gnu++14";
				CLANG_CXX_LIBRARY = "libc++";
				CLANG_ENABLE_MODULES = YES;
				CLANG_ENABLE_OBJC_ARC = YES;
				CLANG_ENABLE_OBJC_WEAK = YES;
				CLANG_WARN_BLOCK_CAPTURE_AUTORELEASING = YES;
				CLANG_WARN_BOOL_CONVERSION = YES;
				CLANG_WARN_COMMA = YES;
				CLANG_WARN_CONSTANT_CONVERSION = YES;
				CLANG_WARN_DEPRECATED_OBJC_IMPLEMENTATIONS = YES;
				CLANG_WARN_DIRECT_OBJC_ISA_USAGE = YES_ERROR;
				CLANG_WARN_DOCUMENTATION_COMMENTS = YES;
				CLANG_WARN_EMPTY_BODY = YES;
				CLANG_WARN_ENUM_CONVERSION = YES;
				CLANG_WARN_INFINITE_RECURSION = YES;
				CLANG_WARN_INT_CONVERSION = YES;
				CLANG_WARN_NON_LITERAL_NULL_CONVERSION = YES;
				CLANG_WARN_OBJC_IMPLICIT_RETAIN_SELF = YES;
				CLANG_WARN_OBJC_LITERAL_CONVERSION = YES;
				CLANG_WARN_OBJC_ROOT_CLASS = YES_ERROR;
				CLANG_WARN_RANGE_LOOP_ANALYSIS = YES;
				CLANG_WARN_STRICT_PROTOTYPES = YES;
				CLANG_WARN_SUSPICIOUS_MOVE = YES;
				CLANG_WARN_UNGUARDED_AVAILABILITY = YES_AGGRESSIVE;
				CLANG_WARN_UNREACHABLE_CODE = YES;
				CLANG_WARN__DUPLICATE_METHOD_MATCH = YES;
				CODE_SIGN_IDENTITY = "Mac Developer";
				COPY_PHASE_STRIP = NO;
				DEBUG_INFORMATION_FORMAT = dwarf;
				ENABLE_STRICT_OBJC_MSGSEND = YES;
				ENABLE_TESTABILITY = YES;
				GCC_C_LANGUAGE_STANDARD = gnu11;
				GCC_DYNAMIC_NO_PIC = NO;
				GCC_NO_COMMON_BLOCKS = YES;
				GCC_OPTIMIZATION_LEVEL = 0;
				GCC_PREPROCESSOR_DEFINITIONS = (
					"DEBUG=1",
					"$(inherited)",
				);
				GCC_WARN_64_TO_32_BIT_CONVERSION = YES;
				GCC_WARN_ABOUT_RETURN_TYPE = YES_ERROR;
				GCC_WARN_UNDECLARED_SELECTOR = YES;
				GCC_WARN_UNINITIALIZED_AUTOS = YES_AGGRESSIVE;
				GCC_WARN_UNUSED_FUNCTION = YES;
				GCC_WARN_UNUSED_VARIABLE = YES;
				MACOSX_DEPLOYMENT_TARGET = 10.14;
				MTL_ENABLE_DEBUG_INFO = INCLUDE_SOURCE;
				MTL_FAST_MATH = YES;
				ONLY_ACTIVE_ARCH = YES;
				SDKROOT = macosx;
				SWIFT_ACTIVE_COMPILATION_CONDITIONS = DEBUG;
				SWIFT_OPTIMIZATION_LEVEL = "-Onone";
			};
			name = Debug;
		};
		6D4B6B5021A130930064E471 /* Release */ = {
			isa = XCBuildConfiguration;
			buildSettings = {
				ALWAYS_SEARCH_USER_PATHS = NO;
				CLANG_ANALYZER_NONNULL = YES;
				CLANG_ANALYZER_NUMBER_OBJECT_CONVERSION = YES_AGGRESSIVE;
				CLANG_CXX_LANGUAGE_STANDARD = "gnu++14";
				CLANG_CXX_LIBRARY = "libc++";
				CLANG_ENABLE_MODULES = YES;
				CLANG_ENABLE_OBJC_ARC = YES;
				CLANG_ENABLE_OBJC_WEAK = YES;
				CLANG_WARN_BLOCK_CAPTURE_AUTORELEASING = YES;
				CLANG_WARN_BOOL_CONVERSION = YES;
				CLANG_WARN_COMMA = YES;
				CLANG_WARN_CONSTANT_CONVERSION = YES;
				CLANG_WARN_DEPRECATED_OBJC_IMPLEMENTATIONS = YES;
				CLANG_WARN_DIRECT_OBJC_ISA_USAGE = YES_ERROR;
				CLANG_WARN_DOCUMENTATION_COMMENTS = YES;
				CLANG_WARN_EMPTY_BODY = YES;
				CLANG_WARN_ENUM_CONVERSION = YES;
				CLANG_WARN_INFINITE_RECURSION = YES;
				CLANG_WARN_INT_CONVERSION = YES;
				CLANG_WARN_NON_LITERAL_NULL_CONVERSION = YES;
				CLANG_WARN_OBJC_IMPLICIT_RETAIN_SELF = YES;
				CLANG_WARN_OBJC_LITERAL_CONVERSION = YES;
				CLANG_WARN_OBJC_ROOT_CLASS = YES_ERROR;
				CLANG_WARN_RANGE_LOOP_ANALYSIS = YES;
				CLANG_WARN_STRICT_PROTOTYPES = YES;
				CLANG_WARN_SUSPICIOUS_MOVE = YES;
				CLANG_WARN_UNGUARDED_AVAILABILITY = YES_AGGRESSIVE;
				CLANG_WARN_UNREACHABLE_CODE = YES;
				CLANG_WARN__DUPLICATE_METHOD_MATCH = YES;
				CODE_SIGN_IDENTITY = "Mac Developer";
				COPY_PHASE_STRIP = NO;
				DEBUG_INFORMATION_FORMAT = "dwarf-with-dsym";
				ENABLE_NS_ASSERTIONS = NO;
				ENABLE_STRICT_OBJC_MSGSEND = YES;
				GCC_C_LANGUAGE_STANDARD = gnu11;
				GCC_NO_COMMON_BLOCKS = YES;
				GCC_WARN_64_TO_32_BIT_CONVERSION = YES;
				GCC_WARN_ABOUT_RETURN_TYPE = YES_ERROR;
				GCC_WARN_UNDECLARED_SELECTOR = YES;
				GCC_WARN_UNINITIALIZED_AUTOS = YES_AGGRESSIVE;
				GCC_WARN_UNUSED_FUNCTION = YES;
				GCC_WARN_UNUSED_VARIABLE = YES;
				MACOSX_DEPLOYMENT_TARGET = 10.14;
				MTL_ENABLE_DEBUG_INFO = NO;
				MTL_FAST_MATH = YES;
				SDKROOT = macosx;
				SWIFT_COMPILATION_MODE = wholemodule;
				SWIFT_OPTIMIZATION_LEVEL = "-O";
			};
			name = Release;
		};
		6D4B6B5221A130930064E471 /* Debug */ = {
			isa = XCBuildConfiguration;
			buildSettings = {
				ASSETCATALOG_COMPILER_APPICON_NAME = AppIcon;
				CODE_SIGN_ENTITLEMENTS = Illithid/Illithid.entitlements;
				CODE_SIGN_IDENTITY = "Mac Developer";
				CODE_SIGN_STYLE = Automatic;
				COMBINE_HIDPI_IMAGES = YES;
				DEVELOPMENT_TEAM = 3JBD9EVSBM;
				ENABLE_HARDENED_RUNTIME = YES;
				FRAMEWORK_SEARCH_PATHS = (
					"$(inherited)",
					"$(PROJECT_DIR)/Carthage/Build/Mac",
				);
				INFOPLIST_FILE = Illithid/Info.plist;
				LD_RUNPATH_SEARCH_PATHS = (
					"$(inherited)",
					"@executable_path/../Frameworks",
				);
				PRODUCT_BUNDLE_IDENTIFIER = com.flayware.app.Illithid;
				PRODUCT_NAME = "$(TARGET_NAME)";
				PROVISIONING_PROFILE_SPECIFIER = "";
				SWIFT_VERSION = 5.0;
			};
			name = Debug;
		};
		6D4B6B5321A130930064E471 /* Release */ = {
			isa = XCBuildConfiguration;
			buildSettings = {
				ASSETCATALOG_COMPILER_APPICON_NAME = AppIcon;
				CODE_SIGN_ENTITLEMENTS = Illithid/Illithid.entitlements;
				CODE_SIGN_IDENTITY = "Mac Developer";
				CODE_SIGN_STYLE = Automatic;
				COMBINE_HIDPI_IMAGES = YES;
				DEVELOPMENT_TEAM = 3JBD9EVSBM;
				ENABLE_HARDENED_RUNTIME = YES;
				FRAMEWORK_SEARCH_PATHS = (
					"$(inherited)",
					"$(PROJECT_DIR)/Carthage/Build/Mac",
				);
				INFOPLIST_FILE = Illithid/Info.plist;
				LD_RUNPATH_SEARCH_PATHS = (
					"$(inherited)",
					"@executable_path/../Frameworks",
				);
				PRODUCT_BUNDLE_IDENTIFIER = com.flayware.app.Illithid;
				PRODUCT_NAME = "$(TARGET_NAME)";
				PROVISIONING_PROFILE_SPECIFIER = "";
				SWIFT_VERSION = 5.0;
			};
			name = Release;
		};
		6D4B6B5521A130930064E471 /* Debug */ = {
			isa = XCBuildConfiguration;
			buildSettings = {
				ALWAYS_EMBED_SWIFT_STANDARD_LIBRARIES = YES;
				BUNDLE_LOADER = "$(TEST_HOST)";
				CODE_SIGN_STYLE = Automatic;
				COMBINE_HIDPI_IMAGES = YES;
				DEVELOPMENT_TEAM = 5799SHLZ3R;
				INFOPLIST_FILE = IllithidTests/Info.plist;
				LD_RUNPATH_SEARCH_PATHS = (
					"$(inherited)",
					"@executable_path/../Frameworks",
					"@loader_path/../Frameworks",
				);
				PRODUCT_BUNDLE_IDENTIFIER = com.flayware.IllithidTests;
				PRODUCT_NAME = "$(TARGET_NAME)";
				SWIFT_VERSION = 5.0;
				TEST_HOST = "$(BUILT_PRODUCTS_DIR)/Illithid.app/Contents/MacOS/Illithid";
			};
			name = Debug;
		};
		6D4B6B5621A130930064E471 /* Release */ = {
			isa = XCBuildConfiguration;
			buildSettings = {
				ALWAYS_EMBED_SWIFT_STANDARD_LIBRARIES = YES;
				BUNDLE_LOADER = "$(TEST_HOST)";
				CODE_SIGN_STYLE = Automatic;
				COMBINE_HIDPI_IMAGES = YES;
				DEVELOPMENT_TEAM = 5799SHLZ3R;
				INFOPLIST_FILE = IllithidTests/Info.plist;
				LD_RUNPATH_SEARCH_PATHS = (
					"$(inherited)",
					"@executable_path/../Frameworks",
					"@loader_path/../Frameworks",
				);
				PRODUCT_BUNDLE_IDENTIFIER = com.flayware.IllithidTests;
				PRODUCT_NAME = "$(TARGET_NAME)";
				SWIFT_VERSION = 5.0;
				TEST_HOST = "$(BUILT_PRODUCTS_DIR)/Illithid.app/Contents/MacOS/Illithid";
			};
			name = Release;
		};
		6D4B6B5821A130930064E471 /* Debug */ = {
			isa = XCBuildConfiguration;
			buildSettings = {
				ALWAYS_EMBED_SWIFT_STANDARD_LIBRARIES = YES;
				CODE_SIGN_STYLE = Automatic;
				COMBINE_HIDPI_IMAGES = YES;
				DEVELOPMENT_TEAM = 5799SHLZ3R;
				INFOPLIST_FILE = IllithidUITests/Info.plist;
				LD_RUNPATH_SEARCH_PATHS = (
					"$(inherited)",
					"@executable_path/../Frameworks",
					"@loader_path/../Frameworks",
				);
				PRODUCT_BUNDLE_IDENTIFIER = com.flayware.IllithidUITests;
				PRODUCT_NAME = "$(TARGET_NAME)";
				SWIFT_VERSION = 5.0;
				TEST_TARGET_NAME = Illithid;
			};
			name = Debug;
		};
		6D4B6B5921A130930064E471 /* Release */ = {
			isa = XCBuildConfiguration;
			buildSettings = {
				ALWAYS_EMBED_SWIFT_STANDARD_LIBRARIES = YES;
				CODE_SIGN_STYLE = Automatic;
				COMBINE_HIDPI_IMAGES = YES;
				DEVELOPMENT_TEAM = 5799SHLZ3R;
				INFOPLIST_FILE = IllithidUITests/Info.plist;
				LD_RUNPATH_SEARCH_PATHS = (
					"$(inherited)",
					"@executable_path/../Frameworks",
					"@loader_path/../Frameworks",
				);
				PRODUCT_BUNDLE_IDENTIFIER = com.flayware.IllithidUITests;
				PRODUCT_NAME = "$(TARGET_NAME)";
				SWIFT_VERSION = 5.0;
				TEST_TARGET_NAME = Illithid;
			};
			name = Release;
		};
/* End XCBuildConfiguration section */

/* Begin XCConfigurationList section */
		6D4B6B2321A130920064E471 /* Build configuration list for PBXProject "Illithid" */ = {
			isa = XCConfigurationList;
			buildConfigurations = (
				6D4B6B4F21A130930064E471 /* Debug */,
				6D4B6B5021A130930064E471 /* Release */,
			);
			defaultConfigurationIsVisible = 0;
			defaultConfigurationName = Release;
		};
		6D4B6B5121A130930064E471 /* Build configuration list for PBXNativeTarget "Illithid" */ = {
			isa = XCConfigurationList;
			buildConfigurations = (
				6D4B6B5221A130930064E471 /* Debug */,
				6D4B6B5321A130930064E471 /* Release */,
			);
			defaultConfigurationIsVisible = 0;
			defaultConfigurationName = Release;
		};
		6D4B6B5421A130930064E471 /* Build configuration list for PBXNativeTarget "IllithidTests" */ = {
			isa = XCConfigurationList;
			buildConfigurations = (
				6D4B6B5521A130930064E471 /* Debug */,
				6D4B6B5621A130930064E471 /* Release */,
			);
			defaultConfigurationIsVisible = 0;
			defaultConfigurationName = Release;
		};
		6D4B6B5721A130930064E471 /* Build configuration list for PBXNativeTarget "IllithidUITests" */ = {
			isa = XCConfigurationList;
			buildConfigurations = (
				6D4B6B5821A130930064E471 /* Debug */,
				6D4B6B5921A130930064E471 /* Release */,
			);
			defaultConfigurationIsVisible = 0;
			defaultConfigurationName = Release;
		};
/* End XCConfigurationList section */

/* Begin XCVersionGroup section */
		6D4B6B2F21A130920064E471 /* Illithid.xcdatamodeld */ = {
			isa = XCVersionGroup;
			children = (
				6D4B6B3021A130920064E471 /* Illithid.xcdatamodel */,
			);
			currentVersion = 6D4B6B3021A130920064E471 /* Illithid.xcdatamodel */;
			path = Illithid.xcdatamodeld;
			sourceTree = "<group>";
			versionGroupType = wrapper.xcdatamodel;
		};
/* End XCVersionGroup section */
	};
	rootObject = 6D4B6B2021A130920064E471 /* Project object */;
}
